
Microsoft Visual Studio Solution File, Format Version 12.00
# Visual Studio Version 16
VisualStudioVersion = 16.0.30523.141
MinimumVisualStudioVersion = 10.0.40219.1
Project("{FAE04EC0-301F-11D3-BF4B-00C04F79EFBC}") = "Ü115142AAIFT", "Ü115142AAIFT\Ü115142AAIFT.csproj", "{672E5351-7152-4FCC-B22D-D17D17A95C31}"
EndProject
Global
	GlobalSection(SolutionConfigurationPlatforms) = preSolution
		Debug|Any CPU = Debug|Any CPU
		Release|Any CPU = Release|Any CPU
	EndGlobalSection
	GlobalSection(ProjectConfigurationPlatforms) = postSolution
		{672E5351-7152-4FCC-B22D-D17D17A95C31}.Debug|Any CPU.ActiveCfg = Debug|Any CPU
		{672E5351-7152-4FCC-B22D-D17D17A95C31}.Debug|Any CPU.Build.0 = Debug|Any CPU
		{672E5351-7152-4FCC-B22D-D17D17A95C31}.Release|Any CPU.ActiveCfg = Release|Any CPU
		{672E5351-7152-4FCC-B22D-D17D17A95C31}.Release|Any CPU.Build.0 = Release|Any CPU
	EndGlobalSection
	GlobalSection(SolutionProperties) = preSolution
		HideSolutionNode = FALSE
	EndGlobalSection
	GlobalSection(ExtensibilityGlobals) = postSolution
		SolutionGuid = {DBB0BECD-B441-4030-BE14-2ECD853662B6}
	EndGlobalSection
EndGlobal
